
Microsoft Visual Studio Solution File, Format Version 12.00
# Visual Studio 15
VisualStudioVersion = 15.0.28307.329
MinimumVisualStudioVersion = 10.0.40219.1
Project("{FAE04EC0-301F-11D3-BF4B-00C04F79EFBC}") = "TestHotLine", "TestHotLine\TestHotLine.csproj", "{2BDF30A8-0C81-451D-BD34-E8902A9E453E}"
EndProject
Project("{2150E333-8FDC-42A3-9474-1A3956D46DE8}") = "Solution Items", "Solution Items", "{E08F98AB-C06D-4810-8E8F-3437FB2D0000}"
EndProject
Global
	GlobalSection(SolutionConfigurationPlatforms) = preSolution
		Debug|Any CPU = Debug|Any CPU
		Release|Any CPU = Release|Any CPU
	EndGlobalSection
	GlobalSection(ProjectConfigurationPlatforms) = postSolution
		{2BDF30A8-0C81-451D-BD34-E8902A9E453E}.Debug|Any CPU.ActiveCfg = Debug|Any CPU
		{2BDF30A8-0C81-451D-BD34-E8902A9E453E}.Debug|Any CPU.Build.0 = Debug|Any CPU
		{2BDF30A8-0C81-451D-BD34-E8902A9E453E}.Release|Any CPU.ActiveCfg = Release|Any CPU
		{2BDF30A8-0C81-451D-BD34-E8902A9E453E}.Release|Any CPU.Build.0 = Release|Any CPU
	EndGlobalSection
	GlobalSection(SolutionProperties) = preSolution
		HideSolutionNode = FALSE
	EndGlobalSection
	GlobalSection(ExtensibilityGlobals) = postSolution
		SolutionGuid = {47B99511-4A63-4A85-83AB-4DAA89EB44A0}
	EndGlobalSection
EndGlobal
